
Microsoft Visual Studio Solution File, Format Version 12.00
# Visual Studio Version 17
VisualStudioVersion = 17.9.34728.123
MinimumVisualStudioVersion = 10.0.40219.1
Project("{2150E333-8FDC-42A3-9474-1A3956D46DE8}") = "src", "src", "{563A2994-10CD-4DDB-BD43-10D983C29A8B}"
EndProject
Project("{9A19103F-16F7-4668-BE54-9A1E7A4F7556}") = "InvBG.Contacts.Backend", "src\InvBG.Contacts.Backend\InvBG.Contacts.Backend.csproj", "{6E39BCA0-12C2-4EB2-A67A-ADAD270C244D}"
EndProject
Project("{2150E333-8FDC-42A3-9474-1A3956D46DE8}") = "Solution Items", "Solution Items", "{F540D902-E59A-4D33-94D6-5B72DFD79B10}"
	ProjectSection(SolutionItems) = preProject
		docker-compose.yml = docker-compose.yml
	EndProjectSection
EndProject
Global
	GlobalSection(SolutionConfigurationPlatforms) = preSolution
		Debug|Any CPU = Debug|Any CPU
		Release|Any CPU = Release|Any CPU
	EndGlobalSection
	GlobalSection(ProjectConfigurationPlatforms) = postSolution
		{6E39BCA0-12C2-4EB2-A67A-ADAD270C244D}.Debug|Any CPU.ActiveCfg = Debug|Any CPU
		{6E39BCA0-12C2-4EB2-A67A-ADAD270C244D}.Debug|Any CPU.Build.0 = Debug|Any CPU
		{6E39BCA0-12C2-4EB2-A67A-ADAD270C244D}.Release|Any CPU.ActiveCfg = Release|Any CPU
		{6E39BCA0-12C2-4EB2-A67A-ADAD270C244D}.Release|Any CPU.Build.0 = Release|Any CPU
	EndGlobalSection
	GlobalSection(SolutionProperties) = preSolution
		HideSolutionNode = FALSE
	EndGlobalSection
	GlobalSection(NestedProjects) = preSolution
		{6E39BCA0-12C2-4EB2-A67A-ADAD270C244D} = {563A2994-10CD-4DDB-BD43-10D983C29A8B}
	EndGlobalSection
	GlobalSection(ExtensibilityGlobals) = postSolution
		SolutionGuid = {C9DDCD73-FDCA-4BE1-90D0-325CF8EE76A8}
	EndGlobalSection
EndGlobal
